
Microsoft Visual Studio Solution File, Format Version 12.00
# Visual Studio Version 16
VisualStudioVersion = 16.0.31313.79
MinimumVisualStudioVersion = 10.0.40219.1
Project("{FAE04EC0-301F-11D3-BF4B-00C04F79EFBC}") = "FusekiUploadAPI", "FusekiUploadAPI\FusekiUploadAPI.csproj", "{98EEE245-078C-4649-97B2-281062E07E19}"
EndProject
Global
	GlobalSection(SolutionConfigurationPlatforms) = preSolution
		Debug|Any CPU = Debug|Any CPU
		Release|Any CPU = Release|Any CPU
	EndGlobalSection
	GlobalSection(ProjectConfigurationPlatforms) = postSolution
		{98EEE245-078C-4649-97B2-281062E07E19}.Debug|Any CPU.ActiveCfg = Debug|Any CPU
		{98EEE245-078C-4649-97B2-281062E07E19}.Debug|Any CPU.Build.0 = Debug|Any CPU
		{98EEE245-078C-4649-97B2-281062E07E19}.Release|Any CPU.ActiveCfg = Release|Any CPU
		{98EEE245-078C-4649-97B2-281062E07E19}.Release|Any CPU.Build.0 = Release|Any CPU
	EndGlobalSection
	GlobalSection(SolutionProperties) = preSolution
		HideSolutionNode = FALSE
	EndGlobalSection
	GlobalSection(ExtensibilityGlobals) = postSolution
		SolutionGuid = {0E8376ED-8A8C-4A9D-8B0C-242D62B4F8B5}
	EndGlobalSection
EndGlobal
