
Microsoft Visual Studio Solution File, Format Version 12.00
# Visual Studio Version 16
VisualStudioVersion = 16.0.31313.79
MinimumVisualStudioVersion = 10.0.40219.1
Project("{9A19103F-16F7-4668-BE54-9A1E7A4F7556}") = "FusekiAPI", "FusekiAPI\FusekiAPI.csproj", "{B27222A1-6758-4799-A81B-55AB86AFD240}"
EndProject
Project("{FAE04EC0-301F-11D3-BF4B-00C04F79EFBC}") = "MessageService", "MessageService\MessageService.csproj", "{6EF49291-F2E4-4A70-A3D4-47E4E4585DEA}"
EndProject
Global
	GlobalSection(SolutionConfigurationPlatforms) = preSolution
		Debug|Any CPU = Debug|Any CPU
		Release|Any CPU = Release|Any CPU
	EndGlobalSection
	GlobalSection(ProjectConfigurationPlatforms) = postSolution
		{B27222A1-6758-4799-A81B-55AB86AFD240}.Debug|Any CPU.ActiveCfg = Debug|Any CPU
		{B27222A1-6758-4799-A81B-55AB86AFD240}.Debug|Any CPU.Build.0 = Debug|Any CPU
		{B27222A1-6758-4799-A81B-55AB86AFD240}.Release|Any CPU.ActiveCfg = Release|Any CPU
		{B27222A1-6758-4799-A81B-55AB86AFD240}.Release|Any CPU.Build.0 = Release|Any CPU
		{6EF49291-F2E4-4A70-A3D4-47E4E4585DEA}.Debug|Any CPU.ActiveCfg = Debug|Any CPU
		{6EF49291-F2E4-4A70-A3D4-47E4E4585DEA}.Debug|Any CPU.Build.0 = Debug|Any CPU
		{6EF49291-F2E4-4A70-A3D4-47E4E4585DEA}.Release|Any CPU.ActiveCfg = Release|Any CPU
		{6EF49291-F2E4-4A70-A3D4-47E4E4585DEA}.Release|Any CPU.Build.0 = Release|Any CPU
	EndGlobalSection
	GlobalSection(SolutionProperties) = preSolution
		HideSolutionNode = FALSE
	EndGlobalSection
	GlobalSection(ExtensibilityGlobals) = postSolution
		SolutionGuid = {0A236913-70A1-43C6-A316-40A82E23E17D}
	EndGlobalSection
EndGlobal
